{
  "nodes": {
    "disko": {
      "inputs": {
        "nixpkgs": [
          "nixpkgs"
        ]
      },
      "locked": {
        "lastModified": 1710169806,
        "narHash": "sha256-HeWFrRuHpnAiPmIr26OKl2g142HuGerwoO/XtW53pcI=",
        "owner": "nix-community",
        "repo": "disko",
        "rev": "fe064a639319ed61cdf12b8f6eded9523abcc498",
        "type": "github"
      },
      "original": {
        "owner": "nix-community",
        "repo": "disko",
        "type": "github"
      }
    },
    "download-mover": {
      "inputs": {
        "fenix": "fenix",
        "naersk": "naersk",
        "nixpkgs": [
          "nixpkgs"
        ]
      },
      "locked": {
        "lastModified": 1699618816,
        "narHash": "sha256-Ancg5d0jxprCT9gUt8ZViMj2eYdBwEXXYxJBL7JzfdY=",
        "owner": "lubsch",
        "repo": "download-mover",
        "rev": "a82c3fd93300a57e5e53cef6d116ec3fd1594602",
        "type": "github"
      },
      "original": {
        "owner": "lubsch",
        "repo": "download-mover",
        "type": "github"
      }
    },
    "fenix": {
      "inputs": {
        "nixpkgs": [
          "download-mover",
          "nixpkgs"
        ],
        "rust-analyzer-src": "rust-analyzer-src"
      },
      "locked": {
        "lastModified": 1699597299,
        "narHash": "sha256-uJMCDTKSUB7+K+s7SB2DS6WU2VGDmruXmP9TQwTYGkw=",
        "owner": "nix-community",
        "repo": "fenix",
        "rev": "ae8ecab0dbfe3552bd1a0bf5504416fd07dd2e8a",
        "type": "github"
      },
      "original": {
        "owner": "nix-community",
        "repo": "fenix",
        "type": "github"
      }
    },
    "firefox-addons": {
      "inputs": {
        "flake-utils": "flake-utils",
        "nixpkgs": [
          "nixpkgs"
        ]
      },
      "locked": {
        "dir": "pkgs/firefox-addons",
        "lastModified": 1710216240,
        "narHash": "sha256-7O7GZlS3XwjIwW0HPrTToC+jsYTLk6qnAAo/cd/fuSo=",
        "owner": "rycee",
        "repo": "nur-expressions",
        "rev": "30a8c60c621cf3faa4cf4bd8a9dfa1c8e66fd45b",
        "type": "gitlab"
      },
      "original": {
        "dir": "pkgs/firefox-addons",
        "owner": "rycee",
        "repo": "nur-expressions",
        "type": "gitlab"
      }
    },
    "flake-parts": {
      "inputs": {
        "nixpkgs-lib": "nixpkgs-lib"
      },
      "locked": {
        "lastModified": 1709336216,
        "narHash": "sha256-Dt/wOWeW6Sqm11Yh+2+t0dfEWxoMxGBvv3JpIocFl9E=",
        "owner": "hercules-ci",
        "repo": "flake-parts",
        "rev": "f7b3c975cf067e56e7cda6cb098ebe3fb4d74ca2",
        "type": "github"
      },
      "original": {
        "owner": "hercules-ci",
        "repo": "flake-parts",
        "type": "github"
      }
    },
    "flake-utils": {
      "locked": {
        "lastModified": 1629284811,
        "narHash": "sha256-JHgasjPR0/J1J3DRm4KxM4zTyAj4IOJY8vIl75v/kPI=",
        "owner": "numtide",
        "repo": "flake-utils",
        "rev": "c5d161cc0af116a2e17f54316f0bf43f0819785c",
        "type": "github"
      },
      "original": {
        "owner": "numtide",
        "repo": "flake-utils",
        "type": "github"
      }
    },
    "home-manager": {
      "inputs": {
        "nixpkgs": [
          "nixpkgs"
        ]
      },
      "locked": {
        "lastModified": 1710164657,
        "narHash": "sha256-l64+ZjaQAVkHDVaK0VHwtXBdjcBD6nLBD+p7IfyBp/w=",
        "owner": "nix-community",
        "repo": "home-manager",
        "rev": "017b12de5b899ef9b64e2c035ce257bfe95b8ae2",
        "type": "github"
      },
      "original": {
        "owner": "nix-community",
        "repo": "home-manager",
        "type": "github"
      }
    },
    "impermanence": {
      "locked": {
        "lastModified": 1708968331,
        "narHash": "sha256-VUXLaPusCBvwM3zhGbRIJVeYluh2uWuqtj4WirQ1L9Y=",
        "owner": "nix-community",
        "repo": "impermanence",
        "rev": "a33ef102a02ce77d3e39c25197664b7a636f9c30",
        "type": "github"
      },
      "original": {
        "owner": "nix-community",
        "repo": "impermanence",
        "type": "github"
      }
    },
    "naersk": {
      "inputs": {
        "nixpkgs": [
          "download-mover",
          "nixpkgs"
        ]
      },
      "locked": {
        "lastModified": 1698420672,
        "narHash": "sha256-/TdeHMPRjjdJub7p7+w55vyABrsJlt5QkznPYy55vKA=",
        "owner": "nix-community",
        "repo": "naersk",
        "rev": "aeb58d5e8faead8980a807c840232697982d47b9",
        "type": "github"
      },
      "original": {
        "owner": "nix-community",
        "repo": "naersk",
        "type": "github"
      }
    },
    "nix-gaming": {
      "inputs": {
        "flake-parts": "flake-parts",
        "nixpkgs": [
          "nixpkgs"
        ]
      },
      "locked": {
        "lastModified": 1710205763,
        "narHash": "sha256-zKw1fUDwJFB2KgFS7/2w8KmdbJEgoq6ORyELH54G98E=",
        "owner": "fufexan",
        "repo": "nix-gaming",
        "rev": "629e13dd88d1f3372d66ea13b948409d879aa494",
        "type": "github"
      },
      "original": {
        "owner": "fufexan",
        "repo": "nix-gaming",
        "type": "github"
      }
    },
    "nixlib": {
      "locked": {
        "lastModified": 1709426687,
        "narHash": "sha256-jLBZmwXf0WYHzLkmEMq33bqhX55YtT5edvluFr0RcSA=",
        "owner": "nix-community",
        "repo": "nixpkgs.lib",
        "rev": "7873d84a89ae6e4841528ff7f5697ddcb5bdfe6c",
        "type": "github"
      },
      "original": {
        "owner": "nix-community",
        "repo": "nixpkgs.lib",
        "type": "github"
      }
    },
    "nixos-generators": {
      "inputs": {
        "nixlib": "nixlib",
        "nixpkgs": [
          "nixpkgs"
        ]
      },
      "locked": {
        "lastModified": 1710164763,
        "narHash": "sha256-6p7yebSjzrL8qK4Q0gx2RnsxaudGUQcgkSxFG/J265Y=",
        "owner": "nix-community",
        "repo": "nixos-generators",
        "rev": "1d9c8cd24eba7942955f92fdcefba5a6a7543bc6",
        "type": "github"
      },
      "original": {
        "owner": "nix-community",
        "repo": "nixos-generators",
        "type": "github"
      }
    },
    "nixpkgs": {
      "locked": {
        "lastModified": 1709961763,
        "narHash": "sha256-6H95HGJHhEZtyYA3rIQpvamMKAGoa8Yh2rFV29QnuGw=",
        "owner": "nixos",
        "repo": "nixpkgs",
        "rev": "3030f185ba6a4bf4f18b87f345f104e6a6961f34",
        "type": "github"
      },
      "original": {
        "owner": "nixos",
        "ref": "nixos-unstable",
        "repo": "nixpkgs",
        "type": "github"
      }
    },
    "nixpkgs-lib": {
      "locked": {
        "dir": "lib",
        "lastModified": 1709237383,
        "narHash": "sha256-cy6ArO4k5qTx+l5o+0mL9f5fa86tYUX3ozE1S+Txlds=",
        "owner": "NixOS",
        "repo": "nixpkgs",
        "rev": "1536926ef5621b09bba54035ae2bb6d806d72ac8",
        "type": "github"
      },
      "original": {
        "dir": "lib",
        "owner": "NixOS",
        "ref": "nixos-unstable",
        "repo": "nixpkgs",
        "type": "github"
      }
    },
    "root": {
      "inputs": {
        "disko": "disko",
        "download-mover": "download-mover",
        "firefox-addons": "firefox-addons",
        "home-manager": "home-manager",
        "impermanence": "impermanence",
        "nix-gaming": "nix-gaming",
        "nixos-generators": "nixos-generators",
        "nixpkgs": "nixpkgs"
      }
    },
    "rust-analyzer-src": {
      "flake": false,
      "locked": {
        "lastModified": 1699552432,
        "narHash": "sha256-MxxTH/X5vnqLWEwokxdA5AkX/NpXOrHMn/95QwOdA4o=",
        "owner": "rust-lang",
        "repo": "rust-analyzer",
        "rev": "76633199f4316b9c659d4ec0c102774d693cd940",
        "type": "github"
      },
      "original": {
        "owner": "rust-lang",
        "ref": "nightly",
        "repo": "rust-analyzer",
        "type": "github"
      }
    }
  },
  "root": "root",
  "version": 7
}
